// !$*UTF8*$!
{
	archiveVersion = 1;
	classes = {
	};
	objectVersion = 56;
	objects = {

/* Begin PBXBuildFile section */
		B427116129DABB8C00FB1EAF /* HBClassProxy.m in Sources */ = {isa = PBXBuildFile; fileRef = B427116029DABB8C00FB1EAF /* HBClassProxy.m */; };
		B433CD3529C85ABD00A81648 /* AppDelegate.swift in Sources */ = {isa = PBXBuildFile; fileRef = B433CD3429C85ABD00A81648 /* AppDelegate.swift */; };
		B433CD3729C85ABD00A81648 /* SceneDelegate.swift in Sources */ = {isa = PBXBuildFile; fileRef = B433CD3629C85ABD00A81648 /* SceneDelegate.swift */; };
		B433CD3929C85ABD00A81648 /* HomeViewController.swift in Sources */ = {isa = PBXBuildFile; fileRef = B433CD3829C85ABD00A81648 /* HomeViewController.swift */; };
		B433CD3E29C85ABE00A81648 /* Assets.xcassets in Resources */ = {isa = PBXBuildFile; fileRef = B433CD3D29C85ABE00A81648 /* Assets.xcassets */; };
		B433CD4129C85ABE00A81648 /* LaunchScreen.storyboard in Resources */ = {isa = PBXBuildFile; fileRef = B433CD3F29C85ABE00A81648 /* LaunchScreen.storyboard */; };
		B433CD4929C861CA00A81648 /* ViewPlayVC.swift in Sources */ = {isa = PBXBuildFile; fileRef = B433CD4829C861CA00A81648 /* ViewPlayVC.swift */; };
		B447247A29DAC069003FE1B4 /* TestProxyVC.m in Sources */ = {isa = PBXBuildFile; fileRef = B447247929DAC069003FE1B4 /* TestProxyVC.m */; };
		B44D286329D538C6004AF189 /* TestAnchorVC.swift in Sources */ = {isa = PBXBuildFile; fileRef = B44D286229D538C6004AF189 /* TestAnchorVC.swift */; };
		B44D287029D5858F004AF189 /* BBGradientVC.m in Sources */ = {isa = PBXBuildFile; fileRef = B44D286F29D5858F004AF189 /* BBGradientVC.m */; };
		B44D287929D68385004AF189 /* FigmaVC.swift in Sources */ = {isa = PBXBuildFile; fileRef = B44D287829D68385004AF189 /* FigmaVC.swift */; };
		B47125D029ECFB4800CC3FA3 /* SocketVC.swift in Sources */ = {isa = PBXBuildFile; fileRef = B47125CF29ECFB4800CC3FA3 /* SocketVC.swift */; };
		B47125D629ED195B00CC3FA3 /* SocketManager.m in Sources */ = {isa = PBXBuildFile; fileRef = B47125D529ED195B00CC3FA3 /* SocketManager.m */; };
		B47125D929ED1A7E00CC3FA3 /* SocketServerVC.m in Sources */ = {isa = PBXBuildFile; fileRef = B47125D829ED1A7E00CC3FA3 /* SocketServerVC.m */; };
		B47125DC29ED1A8D00CC3FA3 /* SocketClientVC.m in Sources */ = {isa = PBXBuildFile; fileRef = B47125DB29ED1A8D00CC3FA3 /* SocketClientVC.m */; };
		B4BF910329E4060900BD6E7E /* RichTextVC.m in Sources */ = {isa = PBXBuildFile; fileRef = B4BF910229E4060900BD6E7E /* RichTextVC.m */; };
		B4EFA76B29DAC7A7002E8328 /* HitTestVC.swift in Sources */ = {isa = PBXBuildFile; fileRef = B4EFA76A29DAC7A7002E8328 /* HitTestVC.swift */; };
		B4EFA77029DBD189002E8328 /* TestLogVC.m in Sources */ = {isa = PBXBuildFile; fileRef = B4EFA76F29DBD189002E8328 /* TestLogVC.m */; };
		EA9B622050A66CB7477E0111 /* Pods_TestiOS.framework in Frameworks */ = {isa = PBXBuildFile; fileRef = 5367C1D18A0ABEB2AC4FFC0D /* Pods_TestiOS.framework */; };
/* End PBXBuildFile section */

/* Begin PBXFileReference section */
		5367C1D18A0ABEB2AC4FFC0D /* Pods_TestiOS.framework */ = {isa = PBXFileReference; explicitFileType = wrapper.framework; includeInIndex = 0; path = Pods_TestiOS.framework; sourceTree = BUILT_PRODUCTS_DIR; };
		B427115F29DABB8C00FB1EAF /* HBClassProxy.h */ = {isa = PBXFileReference; lastKnownFileType = sourcecode.c.h; path = HBClassProxy.h; sourceTree = "<group>"; };
		B427116029DABB8C00FB1EAF /* HBClassProxy.m */ = {isa = PBXFileReference; lastKnownFileType = sourcecode.c.objc; path = HBClassProxy.m; sourceTree = "<group>"; };
		B433CD3129C85ABD00A81648 /* TestiOS.app */ = {isa = PBXFileReference; explicitFileType = wrapper.application; includeInIndex = 0; path = TestiOS.app; sourceTree = BUILT_PRODUCTS_DIR; };
		B433CD3429C85ABD00A81648 /* AppDelegate.swift */ = {isa = PBXFileReference; lastKnownFileType = sourcecode.swift; path = AppDelegate.swift; sourceTree = "<group>"; };
		B433CD3629C85ABD00A81648 /* SceneDelegate.swift */ = {isa = PBXFileReference; lastKnownFileType = sourcecode.swift; path = SceneDelegate.swift; sourceTree = "<group>"; };
		B433CD3829C85ABD00A81648 /* HomeViewController.swift */ = {isa = PBXFileReference; lastKnownFileType = sourcecode.swift; path = HomeViewController.swift; sourceTree = "<group>"; };
		B433CD3D29C85ABE00A81648 /* Assets.xcassets */ = {isa = PBXFileReference; lastKnownFileType = folder.assetcatalog; path = Assets.xcassets; sourceTree = "<group>"; };
		B433CD4029C85ABE00A81648 /* Base */ = {isa = PBXFileReference; lastKnownFileType = file.storyboard; name = Base; path = Base.lproj/LaunchScreen.storyboard; sourceTree = "<group>"; };
		B433CD4229C85ABE00A81648 /* Info.plist */ = {isa = PBXFileReference; lastKnownFileType = text.plist.xml; path = Info.plist; sourceTree = "<group>"; };
		B433CD4829C861CA00A81648 /* ViewPlayVC.swift */ = {isa = PBXFileReference; lastKnownFileType = sourcecode.swift; path = ViewPlayVC.swift; sourceTree = "<group>"; };
		B447247829DAC069003FE1B4 /* TestProxyVC.h */ = {isa = PBXFileReference; lastKnownFileType = sourcecode.c.h; path = TestProxyVC.h; sourceTree = "<group>"; };
		B447247929DAC069003FE1B4 /* TestProxyVC.m */ = {isa = PBXFileReference; lastKnownFileType = sourcecode.c.objc; path = TestProxyVC.m; sourceTree = "<group>"; };
		B44D286229D538C6004AF189 /* TestAnchorVC.swift */ = {isa = PBXFileReference; lastKnownFileType = sourcecode.swift; path = TestAnchorVC.swift; sourceTree = "<group>"; };
		B44D286D29D5858E004AF189 /* TestiOS-Bridging-Header.h */ = {isa = PBXFileReference; lastKnownFileType = sourcecode.c.h; path = "TestiOS-Bridging-Header.h"; sourceTree = "<group>"; };
		B44D286E29D5858E004AF189 /* BBGradientVC.h */ = {isa = PBXFileReference; lastKnownFileType = sourcecode.c.h; path = BBGradientVC.h; sourceTree = "<group>"; };
		B44D286F29D5858F004AF189 /* BBGradientVC.m */ = {isa = PBXFileReference; lastKnownFileType = sourcecode.c.objc; path = BBGradientVC.m; sourceTree = "<group>"; };
		B44D287829D68385004AF189 /* FigmaVC.swift */ = {isa = PBXFileReference; lastKnownFileType = sourcecode.swift; path = FigmaVC.swift; sourceTree = "<group>"; };
		B47125CF29ECFB4800CC3FA3 /* SocketVC.swift */ = {isa = PBXFileReference; lastKnownFileType = sourcecode.swift; path = SocketVC.swift; sourceTree = "<group>"; };
		B47125D429ED195B00CC3FA3 /* SocketManager.h */ = {isa = PBXFileReference; lastKnownFileType = sourcecode.c.h; path = SocketManager.h; sourceTree = "<group>"; };
		B47125D529ED195B00CC3FA3 /* SocketManager.m */ = {isa = PBXFileReference; lastKnownFileType = sourcecode.c.objc; path = SocketManager.m; sourceTree = "<group>"; };
		B47125D729ED1A7E00CC3FA3 /* SocketServerVC.h */ = {isa = PBXFileReference; lastKnownFileType = sourcecode.c.h; path = SocketServerVC.h; sourceTree = "<group>"; };
		B47125D829ED1A7E00CC3FA3 /* SocketServerVC.m */ = {isa = PBXFileReference; lastKnownFileType = sourcecode.c.objc; path = SocketServerVC.m; sourceTree = "<group>"; };
		B47125DA29ED1A8D00CC3FA3 /* SocketClientVC.h */ = {isa = PBXFileReference; lastKnownFileType = sourcecode.c.h; path = SocketClientVC.h; sourceTree = "<group>"; };
		B47125DB29ED1A8D00CC3FA3 /* SocketClientVC.m */ = {isa = PBXFileReference; lastKnownFileType = sourcecode.c.objc; path = SocketClientVC.m; sourceTree = "<group>"; };
		B4BF910129E4060900BD6E7E /* RichTextVC.h */ = {isa = PBXFileReference; lastKnownFileType = sourcecode.c.h; path = RichTextVC.h; sourceTree = "<group>"; };
		B4BF910229E4060900BD6E7E /* RichTextVC.m */ = {isa = PBXFileReference; lastKnownFileType = sourcecode.c.objc; path = RichTextVC.m; sourceTree = "<group>"; };
		B4EFA76A29DAC7A7002E8328 /* HitTestVC.swift */ = {isa = PBXFileReference; lastKnownFileType = sourcecode.swift; path = HitTestVC.swift; sourceTree = "<group>"; };
		B4EFA76E29DBD189002E8328 /* TestLogVC.h */ = {isa = PBXFileReference; lastKnownFileType = sourcecode.c.h; path = TestLogVC.h; sourceTree = "<group>"; };
		B4EFA76F29DBD189002E8328 /* TestLogVC.m */ = {isa = PBXFileReference; lastKnownFileType = sourcecode.c.objc; path = TestLogVC.m; sourceTree = "<group>"; };
		E2667E7C158B1B550F0CF1F3 /* Pods-TestiOS.release.xcconfig */ = {isa = PBXFileReference; includeInIndex = 1; lastKnownFileType = text.xcconfig; name = "Pods-TestiOS.release.xcconfig"; path = "Target Support Files/Pods-TestiOS/Pods-TestiOS.release.xcconfig"; sourceTree = "<group>"; };
		F3C7C184349AE50DF6FEF1E6 /* Pods-TestiOS.debug.xcconfig */ = {isa = PBXFileReference; includeInIndex = 1; lastKnownFileType = text.xcconfig; name = "Pods-TestiOS.debug.xcconfig"; path = "Target Support Files/Pods-TestiOS/Pods-TestiOS.debug.xcconfig"; sourceTree = "<group>"; };
/* End PBXFileReference section */

/* Begin PBXFrameworksBuildPhase section */
		B433CD2E29C85ABD00A81648 /* Frameworks */ = {
			isa = PBXFrameworksBuildPhase;
			buildActionMask = 2147483647;
			files = (
				EA9B622050A66CB7477E0111 /* Pods_TestiOS.framework in Frameworks */,
			);
			runOnlyForDeploymentPostprocessing = 0;
		};
/* End PBXFrameworksBuildPhase section */

/* Begin PBXGroup section */
		B427115E29DABB6800FB1EAF /* Proxy */ = {
			isa = PBXGroup;
			children = (
				B427115F29DABB8C00FB1EAF /* HBClassProxy.h */,
				B427116029DABB8C00FB1EAF /* HBClassProxy.m */,
			);
			path = Proxy;
			sourceTree = "<group>";
		};
		B433CD2829C85ABC00A81648 = {
			isa = PBXGroup;
			children = (
				B433CD3329C85ABD00A81648 /* TestiOS */,
				B433CD3229C85ABD00A81648 /* Products */,
				B754D284E761FCB8869F383B /* Pods */,
				EE7CD0E57600281F0CDA0386 /* Frameworks */,
			);
			sourceTree = "<group>";
		};
		B433CD3229C85ABD00A81648 /* Products */ = {
			isa = PBXGroup;
			children = (
				B433CD3129C85ABD00A81648 /* TestiOS.app */,
			);
			name = Products;
			sourceTree = "<group>";
		};
		B433CD3329C85ABD00A81648 /* TestiOS */ = {
			isa = PBXGroup;
			children = (
				B433CD3429C85ABD00A81648 /* AppDelegate.swift */,
				B433CD3629C85ABD00A81648 /* SceneDelegate.swift */,
				B433CD3829C85ABD00A81648 /* HomeViewController.swift */,
				B433CD4829C861CA00A81648 /* ViewPlayVC.swift */,
				B44D286229D538C6004AF189 /* TestAnchorVC.swift */,
				B44D287829D68385004AF189 /* FigmaVC.swift */,
				B4EFA76A29DAC7A7002E8328 /* HitTestVC.swift */,
				B44D286E29D5858E004AF189 /* BBGradientVC.h */,
				B44D286F29D5858F004AF189 /* BBGradientVC.m */,
				B447247829DAC069003FE1B4 /* TestProxyVC.h */,
				B447247929DAC069003FE1B4 /* TestProxyVC.m */,
				B4EFA76E29DBD189002E8328 /* TestLogVC.h */,
				B4EFA76F29DBD189002E8328 /* TestLogVC.m */,
				B4BF910129E4060900BD6E7E /* RichTextVC.h */,
				B4BF910229E4060900BD6E7E /* RichTextVC.m */,
				B47125CC29ECFB2400CC3FA3 /* Socket */,
				B427115E29DABB6800FB1EAF /* Proxy */,
				B433CD3D29C85ABE00A81648 /* Assets.xcassets */,
				B433CD3F29C85ABE00A81648 /* LaunchScreen.storyboard */,
				B433CD4229C85ABE00A81648 /* Info.plist */,
				B44D286D29D5858E004AF189 /* TestiOS-Bridging-Header.h */,
			);
			path = TestiOS;
			sourceTree = "<group>";
		};
		B47125CC29ECFB2400CC3FA3 /* Socket */ = {
			isa = PBXGroup;
			children = (
				B47125CF29ECFB4800CC3FA3 /* SocketVC.swift */,
				B47125D429ED195B00CC3FA3 /* SocketManager.h */,
				B47125D529ED195B00CC3FA3 /* SocketManager.m */,
				B47125D729ED1A7E00CC3FA3 /* SocketServerVC.h */,
				B47125D829ED1A7E00CC3FA3 /* SocketServerVC.m */,
				B47125DA29ED1A8D00CC3FA3 /* SocketClientVC.h */,
				B47125DB29ED1A8D00CC3FA3 /* SocketClientVC.m */,
			);
			path = Socket;
			sourceTree = "<group>";
		};
		B754D284E761FCB8869F383B /* Pods */ = {
			isa = PBXGroup;
			children = (
				F3C7C184349AE50DF6FEF1E6 /* Pods-TestiOS.debug.xcconfig */,
				E2667E7C158B1B550F0CF1F3 /* Pods-TestiOS.release.xcconfig */,
			);
			path = Pods;
			sourceTree = "<group>";
		};
		EE7CD0E57600281F0CDA0386 /* Frameworks */ = {
			isa = PBXGroup;
			children = (
				5367C1D18A0ABEB2AC4FFC0D /* Pods_TestiOS.framework */,
			);
			name = Frameworks;
			sourceTree = "<group>";
		};
/* End PBXGroup section */

/* Begin PBXNativeTarget section */
		B433CD3029C85ABD00A81648 /* TestiOS */ = {
			isa = PBXNativeTarget;
			buildConfigurationList = B433CD4529C85ABE00A81648 /* Build configuration list for PBXNativeTarget "TestiOS" */;
			buildPhases = (
				45F287F2B5934094B854A443 /* [CP] Check Pods Manifest.lock */,
				B433CD2D29C85ABD00A81648 /* Sources */,
				B433CD2E29C85ABD00A81648 /* Frameworks */,
				B433CD2F29C85ABD00A81648 /* Resources */,
				C20247C3E8A4B8D08C81419D /* [CP] Embed Pods Frameworks */,
			);
			buildRules = (
			);
			dependencies = (
			);
			name = TestiOS;
			packageProductDependencies = (
			);
			productName = TestiOS;
			productReference = B433CD3129C85ABD00A81648 /* TestiOS.app */;
			productType = "com.apple.product-type.application";
		};
/* End PBXNativeTarget section */

/* Begin PBXProject section */
		B433CD2929C85ABC00A81648 /* Project object */ = {
			isa = PBXProject;
			attributes = {
				BuildIndependentTargetsInParallel = 1;
				LastSwiftUpdateCheck = 1420;
				LastUpgradeCheck = 1420;
				TargetAttributes = {
					B433CD3029C85ABD00A81648 = {
						CreatedOnToolsVersion = 14.2;
						LastSwiftMigration = 1420;
					};
				};
			};
			buildConfigurationList = B433CD2C29C85ABC00A81648 /* Build configuration list for PBXProject "TestiOS" */;
			compatibilityVersion = "Xcode 14.0";
			developmentRegion = en;
			hasScannedForEncodings = 0;
			knownRegions = (
				en,
				Base,
			);
			mainGroup = B433CD2829C85ABC00A81648;
			packageReferences = (
			);
			productRefGroup = B433CD3229C85ABD00A81648 /* Products */;
			projectDirPath = "";
			projectRoot = "";
			targets = (
				B433CD3029C85ABD00A81648 /* TestiOS */,
			);
		};
/* End PBXProject section */

/* Begin PBXResourcesBuildPhase section */
		B433CD2F29C85ABD00A81648 /* Resources */ = {
			isa = PBXResourcesBuildPhase;
			buildActionMask = 2147483647;
			files = (
				B433CD4129C85ABE00A81648 /* LaunchScreen.storyboard in Resources */,
				B433CD3E29C85ABE00A81648 /* Assets.xcassets in Resources */,
			);
			runOnlyForDeploymentPostprocessing = 0;
		};
/* End PBXResourcesBuildPhase section */

/* Begin PBXShellScriptBuildPhase section */
		45F287F2B5934094B854A443 /* [CP] Check Pods Manifest.lock */ = {
			isa = PBXShellScriptBuildPhase;
			buildActionMask = 2147483647;
			files = (
			);
			inputFileListPaths = (
			);
			inputPaths = (
				"${PODS_PODFILE_DIR_PATH}/Podfile.lock",
				"${PODS_ROOT}/Manifest.lock",
			);
			name = "[CP] Check Pods Manifest.lock";
			outputFileListPaths = (
			);
			outputPaths = (
				"$(DERIVED_FILE_DIR)/Pods-TestiOS-checkManifestLockResult.txt",
			);
			runOnlyForDeploymentPostprocessing = 0;
			shellPath = /bin/sh;
			shellScript = "diff \"${PODS_PODFILE_DIR_PATH}/Podfile.lock\" \"${PODS_ROOT}/Manifest.lock\" > /dev/null\nif [ $? != 0 ] ; then\n    # print error to STDERR\n    echo \"error: The sandbox is not in sync with the Podfile.lock. Run 'pod install' or update your CocoaPods installation.\" >&2\n    exit 1\nfi\n# This output is used by Xcode 'outputs' to avoid re-running this script phase.\necho \"SUCCESS\" > \"${SCRIPT_OUTPUT_FILE_0}\"\n";
			showEnvVarsInLog = 0;
		};
		C20247C3E8A4B8D08C81419D /* [CP] Embed Pods Frameworks */ = {
			isa = PBXShellScriptBuildPhase;
			buildActionMask = 2147483647;
			files = (
			);
			inputFileListPaths = (
				"${PODS_ROOT}/Target Support Files/Pods-TestiOS/Pods-TestiOS-frameworks-${CONFIGURATION}-input-files.xcfilelist",
			);
			name = "[CP] Embed Pods Frameworks";
			outputFileListPaths = (
				"${PODS_ROOT}/Target Support Files/Pods-TestiOS/Pods-TestiOS-frameworks-${CONFIGURATION}-output-files.xcfilelist",
			);
			runOnlyForDeploymentPostprocessing = 0;
			shellPath = /bin/sh;
			shellScript = "\"${PODS_ROOT}/Target Support Files/Pods-TestiOS/Pods-TestiOS-frameworks.sh\"\n";
			showEnvVarsInLog = 0;
		};
/* End PBXShellScriptBuildPhase section */

/* Begin PBXSourcesBuildPhase section */
		B433CD2D29C85ABD00A81648 /* Sources */ = {
			isa = PBXSourcesBuildPhase;
			buildActionMask = 2147483647;
			files = (
				B47125D629ED195B00CC3FA3 /* SocketManager.m in Sources */,
				B44D287029D5858F004AF189 /* BBGradientVC.m in Sources */,
				B433CD3929C85ABD00A81648 /* HomeViewController.swift in Sources */,
				B47125D029ECFB4800CC3FA3 /* SocketVC.swift in Sources */,
				B433CD3529C85ABD00A81648 /* AppDelegate.swift in Sources */,
				B47125D929ED1A7E00CC3FA3 /* SocketServerVC.m in Sources */,
				B4BF910329E4060900BD6E7E /* RichTextVC.m in Sources */,
				B427116129DABB8C00FB1EAF /* HBClassProxy.m in Sources */,
				B44D287929D68385004AF189 /* FigmaVC.swift in Sources */,
				B44D286329D538C6004AF189 /* TestAnchorVC.swift in Sources */,
				B4EFA76B29DAC7A7002E8328 /* HitTestVC.swift in Sources */,
				B433CD3729C85ABD00A81648 /* SceneDelegate.swift in Sources */,
				B47125DC29ED1A8D00CC3FA3 /* SocketClientVC.m in Sources */,
				B447247A29DAC069003FE1B4 /* TestProxyVC.m in Sources */,
				B4EFA77029DBD189002E8328 /* TestLogVC.m in Sources */,
				B433CD4929C861CA00A81648 /* ViewPlayVC.swift in Sources */,
			);
			runOnlyForDeploymentPostprocessing = 0;
		};
/* End PBXSourcesBuildPhase section */

/* Begin PBXVariantGroup section */
		B433CD3F29C85ABE00A81648 /* LaunchScreen.storyboard */ = {
			isa = PBXVariantGroup;
			children = (
				B433CD4029C85ABE00A81648 /* Base */,
			);
			name = LaunchScreen.storyboard;
			sourceTree = "<group>";
		};
/* End PBXVariantGroup section */

/* Begin XCBuildConfiguration section */
		B433CD4329C85ABE00A81648 /* Debug */ = {
			isa = XCBuildConfiguration;
			buildSettings = {
				ALWAYS_SEARCH_USER_PATHS = NO;
				CLANG_ANALYZER_NONNULL = YES;
				CLANG_ANALYZER_NUMBER_OBJECT_CONVERSION = YES_AGGRESSIVE;
				CLANG_CXX_LANGUAGE_STANDARD = "gnu++20";
				CLANG_ENABLE_MODULES = YES;
				CLANG_ENABLE_OBJC_ARC = YES;
				CLANG_ENABLE_OBJC_WEAK = YES;
				CLANG_WARN_BLOCK_CAPTURE_AUTORELEASING = YES;
				CLANG_WARN_BOOL_CONVERSION = YES;
				CLANG_WARN_COMMA = YES;
				CLANG_WARN_CONSTANT_CONVERSION = YES;
				CLANG_WARN_DEPRECATED_OBJC_IMPLEMENTATIONS = YES;
				CLANG_WARN_DIRECT_OBJC_ISA_USAGE = YES_ERROR;
				CLANG_WARN_DOCUMENTATION_COMMENTS = YES;
				CLANG_WARN_EMPTY_BODY = YES;
				CLANG_WARN_ENUM_CONVERSION = YES;
				CLANG_WARN_INFINITE_RECURSION = YES;
				CLANG_WARN_INT_CONVERSION = YES;
				CLANG_WARN_NON_LITERAL_NULL_CONVERSION = YES;
				CLANG_WARN_OBJC_IMPLICIT_RETAIN_SELF = YES;
				CLANG_WARN_OBJC_LITERAL_CONVERSION = YES;
				CLANG_WARN_OBJC_ROOT_CLASS = YES_ERROR;
				CLANG_WARN_QUOTED_INCLUDE_IN_FRAMEWORK_HEADER = YES;
				CLANG_WARN_RANGE_LOOP_ANALYSIS = YES;
				CLANG_WARN_STRICT_PROTOTYPES = YES;
				CLANG_WARN_SUSPICIOUS_MOVE = YES;
				CLANG_WARN_UNGUARDED_AVAILABILITY = YES_AGGRESSIVE;
				CLANG_WARN_UNREACHABLE_CODE = YES;
				CLANG_WARN__DUPLICATE_METHOD_MATCH = YES;
				COPY_PHASE_STRIP = NO;
				DEBUG_INFORMATION_FORMAT = dwarf;
				ENABLE_STRICT_OBJC_MSGSEND = YES;
				ENABLE_TESTABILITY = YES;
				GCC_C_LANGUAGE_STANDARD = gnu11;
				GCC_DYNAMIC_NO_PIC = NO;
				GCC_NO_COMMON_BLOCKS = YES;
				GCC_OPTIMIZATION_LEVEL = 0;
				GCC_PREPROCESSOR_DEFINITIONS = (
					"DEBUG=1",
					"$(inherited)",
				);
				GCC_WARN_64_TO_32_BIT_CONVERSION = YES;
				GCC_WARN_ABOUT_RETURN_TYPE = YES_ERROR;
				GCC_WARN_UNDECLARED_SELECTOR = YES;
				GCC_WARN_UNINITIALIZED_AUTOS = YES_AGGRESSIVE;
				GCC_WARN_UNUSED_FUNCTION = YES;
				GCC_WARN_UNUSED_VARIABLE = YES;
				IPHONEOS_DEPLOYMENT_TARGET = 16.0;
				MTL_ENABLE_DEBUG_INFO = INCLUDE_SOURCE;
				MTL_FAST_MATH = YES;
				ONLY_ACTIVE_ARCH = YES;
				SDKROOT = iphoneos;
				SWIFT_ACTIVE_COMPILATION_CONDITIONS = DEBUG;
				SWIFT_OPTIMIZATION_LEVEL = "-Onone";
			};
			name = Debug;
		};
		B433CD4429C85ABE00A81648 /* Release */ = {
			isa = XCBuildConfiguration;
			buildSettings = {
				ALWAYS_SEARCH_USER_PATHS = NO;
				CLANG_ANALYZER_NONNULL = YES;
				CLANG_ANALYZER_NUMBER_OBJECT_CONVERSION = YES_AGGRESSIVE;
				CLANG_CXX_LANGUAGE_STANDARD = "gnu++20";
				CLANG_ENABLE_MODULES = YES;
				CLANG_ENABLE_OBJC_ARC = YES;
				CLANG_ENABLE_OBJC_WEAK = YES;
				CLANG_WARN_BLOCK_CAPTURE_AUTORELEASING = YES;
				CLANG_WARN_BOOL_CONVERSION = YES;
				CLANG_WARN_COMMA = YES;
				CLANG_WARN_CONSTANT_CONVERSION = YES;
				CLANG_WARN_DEPRECATED_OBJC_IMPLEMENTATIONS = YES;
				CLANG_WARN_DIRECT_OBJC_ISA_USAGE = YES_ERROR;
				CLANG_WARN_DOCUMENTATION_COMMENTS = YES;
				CLANG_WARN_EMPTY_BODY = YES;
				CLANG_WARN_ENUM_CONVERSION = YES;
				CLANG_WARN_INFINITE_RECURSION = YES;
				CLANG_WARN_INT_CONVERSION = YES;
				CLANG_WARN_NON_LITERAL_NULL_CONVERSION = YES;
				CLANG_WARN_OBJC_IMPLICIT_RETAIN_SELF = YES;
				CLANG_WARN_OBJC_LITERAL_CONVERSION = YES;
				CLANG_WARN_OBJC_ROOT_CLASS = YES_ERROR;
				CLANG_WARN_QUOTED_INCLUDE_IN_FRAMEWORK_HEADER = YES;
				CLANG_WARN_RANGE_LOOP_ANALYSIS = YES;
				CLANG_WARN_STRICT_PROTOTYPES = YES;
				CLANG_WARN_SUSPICIOUS_MOVE = YES;
				CLANG_WARN_UNGUARDED_AVAILABILITY = YES_AGGRESSIVE;
				CLANG_WARN_UNREACHABLE_CODE = YES;
				CLANG_WARN__DUPLICATE_METHOD_MATCH = YES;
				COPY_PHASE_STRIP = NO;
				DEBUG_INFORMATION_FORMAT = "dwarf-with-dsym";
				ENABLE_NS_ASSERTIONS = NO;
				ENABLE_STRICT_OBJC_MSGSEND = YES;
				GCC_C_LANGUAGE_STANDARD = gnu11;
				GCC_NO_COMMON_BLOCKS = YES;
				GCC_WARN_64_TO_32_BIT_CONVERSION = YES;
				GCC_WARN_ABOUT_RETURN_TYPE = YES_ERROR;
				GCC_WARN_UNDECLARED_SELECTOR = YES;
				GCC_WARN_UNINITIALIZED_AUTOS = YES_AGGRESSIVE;
				GCC_WARN_UNUSED_FUNCTION = YES;
				GCC_WARN_UNUSED_VARIABLE = YES;
				IPHONEOS_DEPLOYMENT_TARGET = 16.0;
				MTL_ENABLE_DEBUG_INFO = NO;
				MTL_FAST_MATH = YES;
				SDKROOT = iphoneos;
				SWIFT_COMPILATION_MODE = wholemodule;
				SWIFT_OPTIMIZATION_LEVEL = "-O";
				VALIDATE_PRODUCT = YES;
			};
			name = Release;
		};
		B433CD4629C85ABE00A81648 /* Debug */ = {
			isa = XCBuildConfiguration;
			baseConfigurationReference = F3C7C184349AE50DF6FEF1E6 /* Pods-TestiOS.debug.xcconfig */;
			buildSettings = {
				ASSETCATALOG_COMPILER_APPICON_NAME = AppIcon;
				ASSETCATALOG_COMPILER_GLOBAL_ACCENT_COLOR_NAME = AccentColor;
				CLANG_ENABLE_MODULES = YES;
				CODE_SIGN_STYLE = Automatic;
				CURRENT_PROJECT_VERSION = 1;
				DEVELOPMENT_TEAM = V32BKVPBTJ;
				GENERATE_INFOPLIST_FILE = YES;
				INFOPLIST_FILE = TestiOS/Info.plist;
				INFOPLIST_KEY_UIApplicationSupportsIndirectInputEvents = YES;
				INFOPLIST_KEY_UILaunchStoryboardName = LaunchScreen.storyboard;
				INFOPLIST_KEY_UISupportedInterfaceOrientations_iPad = "UIInterfaceOrientationPortrait UIInterfaceOrientationPortraitUpsideDown UIInterfaceOrientationLandscapeLeft UIInterfaceOrientationLandscapeRight";
				INFOPLIST_KEY_UISupportedInterfaceOrientations_iPhone = "UIInterfaceOrientationPortrait UIInterfaceOrientationLandscapeLeft UIInterfaceOrientationLandscapeRight";
				IPHONEOS_DEPLOYMENT_TARGET = 14.0;
				LD_RUNPATH_SEARCH_PATHS = (
					"$(inherited)",
					"@executable_path/Frameworks",
				);
				MARKETING_VERSION = 1.0;
				PRODUCT_BUNDLE_IDENTIFIER = top.haoboxx.TestiOS;
				PRODUCT_NAME = "$(TARGET_NAME)";
				SWIFT_EMIT_LOC_STRINGS = YES;
				SWIFT_OBJC_BRIDGING_HEADER = "TestiOS/TestiOS-Bridging-Header.h";
				SWIFT_OPTIMIZATION_LEVEL = "-Onone";
				SWIFT_VERSION = 5.0;
				TARGETED_DEVICE_FAMILY = "1,2";
			};
			name = Debug;
		};
		B433CD4729C85ABE00A81648 /* Release */ = {
			isa = XCBuildConfiguration;
			baseConfigurationReference = E2667E7C158B1B550F0CF1F3 /* Pods-TestiOS.release.xcconfig */;
			buildSettings = {
				ASSETCATALOG_COMPILER_APPICON_NAME = AppIcon;
				ASSETCATALOG_COMPILER_GLOBAL_ACCENT_COLOR_NAME = AccentColor;
				CLANG_ENABLE_MODULES = YES;
				CODE_SIGN_STYLE = Automatic;
				CURRENT_PROJECT_VERSION = 1;
				DEVELOPMENT_TEAM = V32BKVPBTJ;
				GENERATE_INFOPLIST_FILE = YES;
				INFOPLIST_FILE = TestiOS/Info.plist;
				INFOPLIST_KEY_UIApplicationSupportsIndirectInputEvents = YES;
				INFOPLIST_KEY_UILaunchStoryboardName = LaunchScreen.storyboard;
				INFOPLIST_KEY_UISupportedInterfaceOrientations_iPad = "UIInterfaceOrientationPortrait UIInterfaceOrientationPortraitUpsideDown UIInterfaceOrientationLandscapeLeft UIInterfaceOrientationLandscapeRight";
				INFOPLIST_KEY_UISupportedInterfaceOrientations_iPhone = "UIInterfaceOrientationPortrait UIInterfaceOrientationLandscapeLeft UIInterfaceOrientationLandscapeRight";
				IPHONEOS_DEPLOYMENT_TARGET = 14.0;
				LD_RUNPATH_SEARCH_PATHS = (
					"$(inherited)",
					"@executable_path/Frameworks",
				);
				MARKETING_VERSION = 1.0;
				PRODUCT_BUNDLE_IDENTIFIER = top.haoboxx.TestiOS;
				PRODUCT_NAME = "$(TARGET_NAME)";
				SWIFT_EMIT_LOC_STRINGS = YES;
				SWIFT_OBJC_BRIDGING_HEADER = "TestiOS/TestiOS-Bridging-Header.h";
				SWIFT_VERSION = 5.0;
				TARGETED_DEVICE_FAMILY = "1,2";
			};
			name = Release;
		};
/* End XCBuildConfiguration section */

/* Begin XCConfigurationList section */
		B433CD2C29C85ABC00A81648 /* Build configuration list for PBXProject "TestiOS" */ = {
			isa = XCConfigurationList;
			buildConfigurations = (
				B433CD4329C85ABE00A81648 /* Debug */,
				B433CD4429C85ABE00A81648 /* Release */,
			);
			defaultConfigurationIsVisible = 0;
			defaultConfigurationName = Release;
		};
		B433CD4529C85ABE00A81648 /* Build configuration list for PBXNativeTarget "TestiOS" */ = {
			isa = XCConfigurationList;
			buildConfigurations = (
				B433CD4629C85ABE00A81648 /* Debug */,
				B433CD4729C85ABE00A81648 /* Release */,
			);
			defaultConfigurationIsVisible = 0;
			defaultConfigurationName = Release;
		};
/* End XCConfigurationList section */
	};
	rootObject = B433CD2929C85ABC00A81648 /* Project object */;
}
